
Microsoft Visual Studio Solution File, Format Version 12.00
# Visual Studio Version 16
VisualStudioVersion = 16.0.31005.135
MinimumVisualStudioVersion = 10.0.40219.1
Project("{FAE04EC0-301F-11D3-BF4B-00C04F79EFBC}") = "WebApiNetCoreReact", "WebApiNetCoreReact.csproj", "{7A1486A3-1F1D-44A1-B283-895390528C4B}"
EndProject
Global
	GlobalSection(SolutionConfigurationPlatforms) = preSolution
		Debug|Any CPU = Debug|Any CPU
		Release|Any CPU = Release|Any CPU
	EndGlobalSection
	GlobalSection(ProjectConfigurationPlatforms) = postSolution
		{7A1486A3-1F1D-44A1-B283-895390528C4B}.Debug|Any CPU.ActiveCfg = Debug|Any CPU
		{7A1486A3-1F1D-44A1-B283-895390528C4B}.Debug|Any CPU.Build.0 = Debug|Any CPU
		{7A1486A3-1F1D-44A1-B283-895390528C4B}.Release|Any CPU.ActiveCfg = Release|Any CPU
		{7A1486A3-1F1D-44A1-B283-895390528C4B}.Release|Any CPU.Build.0 = Release|Any CPU
	EndGlobalSection
	GlobalSection(SolutionProperties) = preSolution
		HideSolutionNode = FALSE
	EndGlobalSection
	GlobalSection(ExtensibilityGlobals) = postSolution
		SolutionGuid = {25B06210-36C7-4314-A25B-698B96545BD0}
	EndGlobalSection
EndGlobal
